
Microsoft Visual Studio Solution File, Format Version 12.00
# Visual Studio 15
VisualStudioVersion = 15.0.28010.2048
MinimumVisualStudioVersion = 10.0.40219.1
Project("{FAE04EC0-301F-11D3-BF4B-00C04F79EFBC}") = "Kierownik Magazynów", "Kierownik Magazynów\Kierownik Magazynów.csproj", "{A0210C71-AC64-4068-8804-E9A5F675345D}"
EndProject
Global
	GlobalSection(SolutionConfigurationPlatforms) = preSolution
		Debug|Any CPU = Debug|Any CPU
		Release|Any CPU = Release|Any CPU
	EndGlobalSection
	GlobalSection(ProjectConfigurationPlatforms) = postSolution
		{A0210C71-AC64-4068-8804-E9A5F675345D}.Debug|Any CPU.ActiveCfg = Debug|Any CPU
		{A0210C71-AC64-4068-8804-E9A5F675345D}.Debug|Any CPU.Build.0 = Debug|Any CPU
		{A0210C71-AC64-4068-8804-E9A5F675345D}.Release|Any CPU.ActiveCfg = Release|Any CPU
		{A0210C71-AC64-4068-8804-E9A5F675345D}.Release|Any CPU.Build.0 = Release|Any CPU
	EndGlobalSection
	GlobalSection(SolutionProperties) = preSolution
		HideSolutionNode = FALSE
	EndGlobalSection
	GlobalSection(ExtensibilityGlobals) = postSolution
		SolutionGuid = {5F4C4088-A38C-4A4A-9B3E-87A0CD7D351B}
	EndGlobalSection
EndGlobal
